
Microsoft Visual Studio Solution File, Format Version 12.00
# Visual Studio Version 16
VisualStudioVersion = 16.0.30804.86
MinimumVisualStudioVersion = 10.0.40219.1
Project("{8BC9CEB8-8B4A-11D0-8D11-00A0C91BC942}") = "sfml_games", "sfml_games.vcxproj", "{CD476099-EA9C-4B1A-AB83-2A77B87FC2B7}"
EndProject
Project("{8BC9CEB8-8B4A-11D0-8D11-00A0C91BC942}") = "Irrlicht_HelloWorld", "irrlicht-1.8.4\examples\01.HelloWorld\Irrlicht_HelloWorld_vc16.vcxproj", "{5AD4C95C-BA38-4692-BA4B-8C25A86208F9}"
EndProject
Global
	GlobalSection(SolutionConfigurationPlatforms) = preSolution
		Debug|x64 = Debug|x64
		Debug|x86 = Debug|x86
		Release|x64 = Release|x64
		Release|x86 = Release|x86
	EndGlobalSection
	GlobalSection(ProjectConfigurationPlatforms) = postSolution
		{CD476099-EA9C-4B1A-AB83-2A77B87FC2B7}.Debug|x64.ActiveCfg = Debug|x64
		{CD476099-EA9C-4B1A-AB83-2A77B87FC2B7}.Debug|x64.Build.0 = Debug|x64
		{CD476099-EA9C-4B1A-AB83-2A77B87FC2B7}.Debug|x86.ActiveCfg = Debug|Win32
		{CD476099-EA9C-4B1A-AB83-2A77B87FC2B7}.Debug|x86.Build.0 = Debug|Win32
		{CD476099-EA9C-4B1A-AB83-2A77B87FC2B7}.Release|x64.ActiveCfg = Release|x64
		{CD476099-EA9C-4B1A-AB83-2A77B87FC2B7}.Release|x64.Build.0 = Release|x64
		{CD476099-EA9C-4B1A-AB83-2A77B87FC2B7}.Release|x86.ActiveCfg = Release|Win32
		{CD476099-EA9C-4B1A-AB83-2A77B87FC2B7}.Release|x86.Build.0 = Release|Win32
		{5AD4C95C-BA38-4692-BA4B-8C25A86208F9}.Debug|x64.ActiveCfg = Debug|x64
		{5AD4C95C-BA38-4692-BA4B-8C25A86208F9}.Debug|x64.Build.0 = Debug|x64
		{5AD4C95C-BA38-4692-BA4B-8C25A86208F9}.Debug|x86.ActiveCfg = Debug|Win32
		{5AD4C95C-BA38-4692-BA4B-8C25A86208F9}.Debug|x86.Build.0 = Debug|Win32
		{5AD4C95C-BA38-4692-BA4B-8C25A86208F9}.Release|x64.ActiveCfg = Release|x64
		{5AD4C95C-BA38-4692-BA4B-8C25A86208F9}.Release|x64.Build.0 = Release|x64
		{5AD4C95C-BA38-4692-BA4B-8C25A86208F9}.Release|x86.ActiveCfg = Release|Win32
		{5AD4C95C-BA38-4692-BA4B-8C25A86208F9}.Release|x86.Build.0 = Release|Win32
	EndGlobalSection
	GlobalSection(SolutionProperties) = preSolution
		HideSolutionNode = FALSE
	EndGlobalSection
	GlobalSection(ExtensibilityGlobals) = postSolution
		SolutionGuid = {D50BEEE6-E517-429D-A982-A5680452D9E9}
	EndGlobalSection
EndGlobal
